// !$*UTF8*$!
{
	archiveVersion = 1;
	classes = {
	};
	objectVersion = 56;
	objects = {

/* Begin PBXBuildFile section */
		16DB5FDB2A6D2A04007B5B21 /* AppDelegate.swift in Sources */ = {isa = PBXBuildFile; fileRef = 16DB5FDA2A6D2A04007B5B21 /* AppDelegate.swift */; };
		16DB5FDD2A6D2A04007B5B21 /* SceneDelegate.swift in Sources */ = {isa = PBXBuildFile; fileRef = 16DB5FDC2A6D2A04007B5B21 /* SceneDelegate.swift */; };
		16DB5FDF2A6D2A04007B5B21 /* ViewController.swift in Sources */ = {isa = PBXBuildFile; fileRef = 16DB5FDE2A6D2A04007B5B21 /* ViewController.swift */; };
		16DB5FE22A6D2A04007B5B21 /* Main.storyboard in Resources */ = {isa = PBXBuildFile; fileRef = 16DB5FE02A6D2A04007B5B21 /* Main.storyboard */; };
		16DB5FE42A6D2A05007B5B21 /* Assets.xcassets in Resources */ = {isa = PBXBuildFile; fileRef = 16DB5FE32A6D2A05007B5B21 /* Assets.xcassets */; };
		16DB5FE72A6D2A05007B5B21 /* LaunchScreen.storyboard in Resources */ = {isa = PBXBuildFile; fileRef = 16DB5FE52A6D2A05007B5B21 /* LaunchScreen.storyboard */; };
		16DB5FF22A6D2A06007B5B21 /* AssertYourselfTests.swift in Sources */ = {isa = PBXBuildFile; fileRef = 16DB5FF12A6D2A06007B5B21 /* AssertYourselfTests.swift */; };
		16DB5FFC2A6D2A06007B5B21 /* AssertYourselfUITests.swift in Sources */ = {isa = PBXBuildFile; fileRef = 16DB5FFB2A6D2A06007B5B21 /* AssertYourselfUITests.swift */; };
		16DB5FFE2A6D2A06007B5B21 /* AssertYourselfUITestsLaunchTests.swift in Sources */ = {isa = PBXBuildFile; fileRef = 16DB5FFD2A6D2A06007B5B21 /* AssertYourselfUITestsLaunchTests.swift */; };
/* End PBXBuildFile section */

/* Begin PBXContainerItemProxy section */
		16DB5FEE2A6D2A06007B5B21 /* PBXContainerItemProxy */ = {
			isa = PBXContainerItemProxy;
			containerPortal = 16DB5FCF2A6D2A04007B5B21 /* Project object */;
			proxyType = 1;
			remoteGlobalIDString = 16DB5FD62A6D2A04007B5B21;
			remoteInfo = AssertYourself;
		};
		16DB5FF82A6D2A06007B5B21 /* PBXContainerItemProxy */ = {
			isa = PBXContainerItemProxy;
			containerPortal = 16DB5FCF2A6D2A04007B5B21 /* Project object */;
			proxyType = 1;
			remoteGlobalIDString = 16DB5FD62A6D2A04007B5B21;
			remoteInfo = AssertYourself;
		};
/* End PBXContainerItemProxy section */

/* Begin PBXFileReference section */
		16DB5FD72A6D2A04007B5B21 /* AssertYourself.app */ = {isa = PBXFileReference; explicitFileType = wrapper.application; includeInIndex = 0; path = AssertYourself.app; sourceTree = BUILT_PRODUCTS_DIR; };
		16DB5FDA2A6D2A04007B5B21 /* AppDelegate.swift */ = {isa = PBXFileReference; lastKnownFileType = sourcecode.swift; path = AppDelegate.swift; sourceTree = "<group>"; };
		16DB5FDC2A6D2A04007B5B21 /* SceneDelegate.swift */ = {isa = PBXFileReference; lastKnownFileType = sourcecode.swift; path = SceneDelegate.swift; sourceTree = "<group>"; };
		16DB5FDE2A6D2A04007B5B21 /* ViewController.swift */ = {isa = PBXFileReference; lastKnownFileType = sourcecode.swift; path = ViewController.swift; sourceTree = "<group>"; };
		16DB5FE12A6D2A04007B5B21 /* Base */ = {isa = PBXFileReference; lastKnownFileType = file.storyboard; name = Base; path = Base.lproj/Main.storyboard; sourceTree = "<group>"; };
		16DB5FE32A6D2A05007B5B21 /* Assets.xcassets */ = {isa = PBXFileReference; lastKnownFileType = folder.assetcatalog; path = Assets.xcassets; sourceTree = "<group>"; };
		16DB5FE62A6D2A05007B5B21 /* Base */ = {isa = PBXFileReference; lastKnownFileType = file.storyboard; name = Base; path = Base.lproj/LaunchScreen.storyboard; sourceTree = "<group>"; };
		16DB5FE82A6D2A05007B5B21 /* Info.plist */ = {isa = PBXFileReference; lastKnownFileType = text.plist.xml; path = Info.plist; sourceTree = "<group>"; };
		16DB5FED2A6D2A06007B5B21 /* AssertYourselfTests.xctest */ = {isa = PBXFileReference; explicitFileType = wrapper.cfbundle; includeInIndex = 0; path = AssertYourselfTests.xctest; sourceTree = BUILT_PRODUCTS_DIR; };
		16DB5FF12A6D2A06007B5B21 /* AssertYourselfTests.swift */ = {isa = PBXFileReference; lastKnownFileType = sourcecode.swift; path = AssertYourselfTests.swift; sourceTree = "<group>"; };
		16DB5FF72A6D2A06007B5B21 /* AssertYourselfUITests.xctest */ = {isa = PBXFileReference; explicitFileType = wrapper.cfbundle; includeInIndex = 0; path = AssertYourselfUITests.xctest; sourceTree = BUILT_PRODUCTS_DIR; };
		16DB5FFB2A6D2A06007B5B21 /* AssertYourselfUITests.swift */ = {isa = PBXFileReference; lastKnownFileType = sourcecode.swift; path = AssertYourselfUITests.swift; sourceTree = "<group>"; };
		16DB5FFD2A6D2A06007B5B21 /* AssertYourselfUITestsLaunchTests.swift */ = {isa = PBXFileReference; lastKnownFileType = sourcecode.swift; path = AssertYourselfUITestsLaunchTests.swift; sourceTree = "<group>"; };
/* End PBXFileReference section */

/* Begin PBXFrameworksBuildPhase section */
		16DB5FD42A6D2A04007B5B21 /* Frameworks */ = {
			isa = PBXFrameworksBuildPhase;
			buildActionMask = 2147483647;
			files = (
			);
			runOnlyForDeploymentPostprocessing = 0;
		};
		16DB5FEA2A6D2A06007B5B21 /* Frameworks */ = {
			isa = PBXFrameworksBuildPhase;
			buildActionMask = 2147483647;
			files = (
			);
			runOnlyForDeploymentPostprocessing = 0;
		};
		16DB5FF42A6D2A06007B5B21 /* Frameworks */ = {
			isa = PBXFrameworksBuildPhase;
			buildActionMask = 2147483647;
			files = (
			);
			runOnlyForDeploymentPostprocessing = 0;
		};
/* End PBXFrameworksBuildPhase section */

/* Begin PBXGroup section */
		16DB5FCE2A6D2A04007B5B21 = {
			isa = PBXGroup;
			children = (
				16DB5FD92A6D2A04007B5B21 /* AssertYourself */,
				16DB5FF02A6D2A06007B5B21 /* AssertYourselfTests */,
				16DB5FFA2A6D2A06007B5B21 /* AssertYourselfUITests */,
				16DB5FD82A6D2A04007B5B21 /* Products */,
			);
			sourceTree = "<group>";
		};
		16DB5FD82A6D2A04007B5B21 /* Products */ = {
			isa = PBXGroup;
			children = (
				16DB5FD72A6D2A04007B5B21 /* AssertYourself.app */,
				16DB5FED2A6D2A06007B5B21 /* AssertYourselfTests.xctest */,
				16DB5FF72A6D2A06007B5B21 /* AssertYourselfUITests.xctest */,
			);
			name = Products;
			sourceTree = "<group>";
		};
		16DB5FD92A6D2A04007B5B21 /* AssertYourself */ = {
			isa = PBXGroup;
			children = (
				16DB5FDA2A6D2A04007B5B21 /* AppDelegate.swift */,
				16DB5FDC2A6D2A04007B5B21 /* SceneDelegate.swift */,
				16DB5FDE2A6D2A04007B5B21 /* ViewController.swift */,
				16DB5FE02A6D2A04007B5B21 /* Main.storyboard */,
				16DB5FE32A6D2A05007B5B21 /* Assets.xcassets */,
				16DB5FE52A6D2A05007B5B21 /* LaunchScreen.storyboard */,
				16DB5FE82A6D2A05007B5B21 /* Info.plist */,
			);
			path = AssertYourself;
			sourceTree = "<group>";
		};
		16DB5FF02A6D2A06007B5B21 /* AssertYourselfTests */ = {
			isa = PBXGroup;
			children = (
				16DB5FF12A6D2A06007B5B21 /* AssertYourselfTests.swift */,
			);
			path = AssertYourselfTests;
			sourceTree = "<group>";
		};
		16DB5FFA2A6D2A06007B5B21 /* AssertYourselfUITests */ = {
			isa = PBXGroup;
			children = (
				16DB5FFB2A6D2A06007B5B21 /* AssertYourselfUITests.swift */,
				16DB5FFD2A6D2A06007B5B21 /* AssertYourselfUITestsLaunchTests.swift */,
			);
			path = AssertYourselfUITests;
			sourceTree = "<group>";
		};
/* End PBXGroup section */

/* Begin PBXNativeTarget section */
		16DB5FD62A6D2A04007B5B21 /* AssertYourself */ = {
			isa = PBXNativeTarget;
			buildConfigurationList = 16DB60012A6D2A06007B5B21 /* Build configuration list for PBXNativeTarget "AssertYourself" */;
			buildPhases = (
				16DB5FD32A6D2A04007B5B21 /* Sources */,
				16DB5FD42A6D2A04007B5B21 /* Frameworks */,
				16DB5FD52A6D2A04007B5B21 /* Resources */,
			);
			buildRules = (
			);
			dependencies = (
			);
			name = AssertYourself;
			productName = AssertYourself;
			productReference = 16DB5FD72A6D2A04007B5B21 /* AssertYourself.app */;
			productType = "com.apple.product-type.application";
		};
		16DB5FEC2A6D2A06007B5B21 /* AssertYourselfTests */ = {
			isa = PBXNativeTarget;
			buildConfigurationList = 16DB60042A6D2A06007B5B21 /* Build configuration list for PBXNativeTarget "AssertYourselfTests" */;
			buildPhases = (
				16DB5FE92A6D2A06007B5B21 /* Sources */,
				16DB5FEA2A6D2A06007B5B21 /* Frameworks */,
				16DB5FEB2A6D2A06007B5B21 /* Resources */,
			);
			buildRules = (
			);
			dependencies = (
				16DB5FEF2A6D2A06007B5B21 /* PBXTargetDependency */,
			);
			name = AssertYourselfTests;
			productName = AssertYourselfTests;
			productReference = 16DB5FED2A6D2A06007B5B21 /* AssertYourselfTests.xctest */;
			productType = "com.apple.product-type.bundle.unit-test";
		};
		16DB5FF62A6D2A06007B5B21 /* AssertYourselfUITests */ = {
			isa = PBXNativeTarget;
			buildConfigurationList = 16DB60072A6D2A06007B5B21 /* Build configuration list for PBXNativeTarget "AssertYourselfUITests" */;
			buildPhases = (
				16DB5FF32A6D2A06007B5B21 /* Sources */,
				16DB5FF42A6D2A06007B5B21 /* Frameworks */,
				16DB5FF52A6D2A06007B5B21 /* Resources */,
			);
			buildRules = (
			);
			dependencies = (
				16DB5FF92A6D2A06007B5B21 /* PBXTargetDependency */,
			);
			name = AssertYourselfUITests;
			productName = AssertYourselfUITests;
			productReference = 16DB5FF72A6D2A06007B5B21 /* AssertYourselfUITests.xctest */;
			productType = "com.apple.product-type.bundle.ui-testing";
		};
/* End PBXNativeTarget section */

/* Begin PBXProject section */
		16DB5FCF2A6D2A04007B5B21 /* Project object */ = {
			isa = PBXProject;
			attributes = {
				BuildIndependentTargetsInParallel = 1;
				LastSwiftUpdateCheck = 1420;
				LastUpgradeCheck = 1420;
				TargetAttributes = {
					16DB5FD62A6D2A04007B5B21 = {
						CreatedOnToolsVersion = 14.2;
					};
					16DB5FEC2A6D2A06007B5B21 = {
						CreatedOnToolsVersion = 14.2;
						TestTargetID = 16DB5FD62A6D2A04007B5B21;
					};
					16DB5FF62A6D2A06007B5B21 = {
						CreatedOnToolsVersion = 14.2;
						TestTargetID = 16DB5FD62A6D2A04007B5B21;
					};
				};
			};
			buildConfigurationList = 16DB5FD22A6D2A04007B5B21 /* Build configuration list for PBXProject "AssertYourself" */;
			compatibilityVersion = "Xcode 14.0";
			developmentRegion = en;
			hasScannedForEncodings = 0;
			knownRegions = (
				en,
				Base,
			);
			mainGroup = 16DB5FCE2A6D2A04007B5B21;
			productRefGroup = 16DB5FD82A6D2A04007B5B21 /* Products */;
			projectDirPath = "";
			projectRoot = "";
			targets = (
				16DB5FD62A6D2A04007B5B21 /* AssertYourself */,
				16DB5FEC2A6D2A06007B5B21 /* AssertYourselfTests */,
				16DB5FF62A6D2A06007B5B21 /* AssertYourselfUITests */,
			);
		};
/* End PBXProject section */

/* Begin PBXResourcesBuildPhase section */
		16DB5FD52A6D2A04007B5B21 /* Resources */ = {
			isa = PBXResourcesBuildPhase;
			buildActionMask = 2147483647;
			files = (
				16DB5FE72A6D2A05007B5B21 /* LaunchScreen.storyboard in Resources */,
				16DB5FE42A6D2A05007B5B21 /* Assets.xcassets in Resources */,
				16DB5FE22A6D2A04007B5B21 /* Main.storyboard in Resources */,
			);
			runOnlyForDeploymentPostprocessing = 0;
		};
		16DB5FEB2A6D2A06007B5B21 /* Resources */ = {
			isa = PBXResourcesBuildPhase;
			buildActionMask = 2147483647;
			files = (
			);
			runOnlyForDeploymentPostprocessing = 0;
		};
		16DB5FF52A6D2A06007B5B21 /* Resources */ = {
			isa = PBXResourcesBuildPhase;
			buildActionMask = 2147483647;
			files = (
			);
			runOnlyForDeploymentPostprocessing = 0;
		};
/* End PBXResourcesBuildPhase section */

/* Begin PBXSourcesBuildPhase section */
		16DB5FD32A6D2A04007B5B21 /* Sources */ = {
			isa = PBXSourcesBuildPhase;
			buildActionMask = 2147483647;
			files = (
				16DB5FDF2A6D2A04007B5B21 /* ViewController.swift in Sources */,
				16DB5FDB2A6D2A04007B5B21 /* AppDelegate.swift in Sources */,
				16DB5FDD2A6D2A04007B5B21 /* SceneDelegate.swift in Sources */,
			);
			runOnlyForDeploymentPostprocessing = 0;
		};
		16DB5FE92A6D2A06007B5B21 /* Sources */ = {
			isa = PBXSourcesBuildPhase;
			buildActionMask = 2147483647;
			files = (
				16DB5FF22A6D2A06007B5B21 /* AssertYourselfTests.swift in Sources */,
			);
			runOnlyForDeploymentPostprocessing = 0;
		};
		16DB5FF32A6D2A06007B5B21 /* Sources */ = {
			isa = PBXSourcesBuildPhase;
			buildActionMask = 2147483647;
			files = (
				16DB5FFC2A6D2A06007B5B21 /* AssertYourselfUITests.swift in Sources */,
				16DB5FFE2A6D2A06007B5B21 /* AssertYourselfUITestsLaunchTests.swift in Sources */,
			);
			runOnlyForDeploymentPostprocessing = 0;
		};
/* End PBXSourcesBuildPhase section */

/* Begin PBXTargetDependency section */
		16DB5FEF2A6D2A06007B5B21 /* PBXTargetDependency */ = {
			isa = PBXTargetDependency;
			target = 16DB5FD62A6D2A04007B5B21 /* AssertYourself */;
			targetProxy = 16DB5FEE2A6D2A06007B5B21 /* PBXContainerItemProxy */;
		};
		16DB5FF92A6D2A06007B5B21 /* PBXTargetDependency */ = {
			isa = PBXTargetDependency;
			target = 16DB5FD62A6D2A04007B5B21 /* AssertYourself */;
			targetProxy = 16DB5FF82A6D2A06007B5B21 /* PBXContainerItemProxy */;
		};
/* End PBXTargetDependency section */

/* Begin PBXVariantGroup section */
		16DB5FE02A6D2A04007B5B21 /* Main.storyboard */ = {
			isa = PBXVariantGroup;
			children = (
				16DB5FE12A6D2A04007B5B21 /* Base */,
			);
			name = Main.storyboard;
			sourceTree = "<group>";
		};
		16DB5FE52A6D2A05007B5B21 /* LaunchScreen.storyboard */ = {
			isa = PBXVariantGroup;
			children = (
				16DB5FE62A6D2A05007B5B21 /* Base */,
			);
			name = LaunchScreen.storyboard;
			sourceTree = "<group>";
		};
/* End PBXVariantGroup section */

/* Begin XCBuildConfiguration section */
		16DB5FFF2A6D2A06007B5B21 /* Debug */ = {
			isa = XCBuildConfiguration;
			buildSettings = {
				ALWAYS_SEARCH_USER_PATHS = NO;
				CLANG_ANALYZER_NONNULL = YES;
				CLANG_ANALYZER_NUMBER_OBJECT_CONVERSION = YES_AGGRESSIVE;
				CLANG_CXX_LANGUAGE_STANDARD = "gnu++20";
				CLANG_ENABLE_MODULES = YES;
				CLANG_ENABLE_OBJC_ARC = YES;
				CLANG_ENABLE_OBJC_WEAK = YES;
				CLANG_WARN_BLOCK_CAPTURE_AUTORELEASING = YES;
				CLANG_WARN_BOOL_CONVERSION = YES;
				CLANG_WARN_COMMA = YES;
				CLANG_WARN_CONSTANT_CONVERSION = YES;
				CLANG_WARN_DEPRECATED_OBJC_IMPLEMENTATIONS = YES;
				CLANG_WARN_DIRECT_OBJC_ISA_USAGE = YES_ERROR;
				CLANG_WARN_DOCUMENTATION_COMMENTS = YES;
				CLANG_WARN_EMPTY_BODY = YES;
				CLANG_WARN_ENUM_CONVERSION = YES;
				CLANG_WARN_INFINITE_RECURSION = YES;
				CLANG_WARN_INT_CONVERSION = YES;
				CLANG_WARN_NON_LITERAL_NULL_CONVERSION = YES;
				CLANG_WARN_OBJC_IMPLICIT_RETAIN_SELF = YES;
				CLANG_WARN_OBJC_LITERAL_CONVERSION = YES;
				CLANG_WARN_OBJC_ROOT_CLASS = YES_ERROR;
				CLANG_WARN_QUOTED_INCLUDE_IN_FRAMEWORK_HEADER = YES;
				CLANG_WARN_RANGE_LOOP_ANALYSIS = YES;
				CLANG_WARN_STRICT_PROTOTYPES = YES;
				CLANG_WARN_SUSPICIOUS_MOVE = YES;
				CLANG_WARN_UNGUARDED_AVAILABILITY = YES_AGGRESSIVE;
				CLANG_WARN_UNREACHABLE_CODE = YES;
				CLANG_WARN__DUPLICATE_METHOD_MATCH = YES;
				COPY_PHASE_STRIP = NO;
				DEBUG_INFORMATION_FORMAT = dwarf;
				ENABLE_STRICT_OBJC_MSGSEND = YES;
				ENABLE_TESTABILITY = YES;
				GCC_C_LANGUAGE_STANDARD = gnu11;
				GCC_DYNAMIC_NO_PIC = NO;
				GCC_NO_COMMON_BLOCKS = YES;
				GCC_OPTIMIZATION_LEVEL = 0;
				GCC_PREPROCESSOR_DEFINITIONS = (
					"DEBUG=1",
					"$(inherited)",
				);
				GCC_WARN_64_TO_32_BIT_CONVERSION = YES;
				GCC_WARN_ABOUT_RETURN_TYPE = YES_ERROR;
				GCC_WARN_UNDECLARED_SELECTOR = YES;
				GCC_WARN_UNINITIALIZED_AUTOS = YES_AGGRESSIVE;
				GCC_WARN_UNUSED_FUNCTION = YES;
				GCC_WARN_UNUSED_VARIABLE = YES;
				IPHONEOS_DEPLOYMENT_TARGET = 16.2;
				MTL_ENABLE_DEBUG_INFO = INCLUDE_SOURCE;
				MTL_FAST_MATH = YES;
				ONLY_ACTIVE_ARCH = YES;
				SDKROOT = iphoneos;
				SWIFT_ACTIVE_COMPILATION_CONDITIONS = DEBUG;
				SWIFT_OPTIMIZATION_LEVEL = "-Onone";
			};
			name = Debug;
		};
		16DB60002A6D2A06007B5B21 /* Release */ = {
			isa = XCBuildConfiguration;
			buildSettings = {
				ALWAYS_SEARCH_USER_PATHS = NO;
				CLANG_ANALYZER_NONNULL = YES;
				CLANG_ANALYZER_NUMBER_OBJECT_CONVERSION = YES_AGGRESSIVE;
				CLANG_CXX_LANGUAGE_STANDARD = "gnu++20";
				CLANG_ENABLE_MODULES = YES;
				CLANG_ENABLE_OBJC_ARC = YES;
				CLANG_ENABLE_OBJC_WEAK = YES;
				CLANG_WARN_BLOCK_CAPTURE_AUTORELEASING = YES;
				CLANG_WARN_BOOL_CONVERSION = YES;
				CLANG_WARN_COMMA = YES;
				CLANG_WARN_CONSTANT_CONVERSION = YES;
				CLANG_WARN_DEPRECATED_OBJC_IMPLEMENTATIONS = YES;
				CLANG_WARN_DIRECT_OBJC_ISA_USAGE = YES_ERROR;
				CLANG_WARN_DOCUMENTATION_COMMENTS = YES;
				CLANG_WARN_EMPTY_BODY = YES;
				CLANG_WARN_ENUM_CONVERSION = YES;
				CLANG_WARN_INFINITE_RECURSION = YES;
				CLANG_WARN_INT_CONVERSION = YES;
				CLANG_WARN_NON_LITERAL_NULL_CONVERSION = YES;
				CLANG_WARN_OBJC_IMPLICIT_RETAIN_SELF = YES;
				CLANG_WARN_OBJC_LITERAL_CONVERSION = YES;
				CLANG_WARN_OBJC_ROOT_CLASS = YES_ERROR;
				CLANG_WARN_QUOTED_INCLUDE_IN_FRAMEWORK_HEADER = YES;
				CLANG_WARN_RANGE_LOOP_ANALYSIS = YES;
				CLANG_WARN_STRICT_PROTOTYPES = YES;
				CLANG_WARN_SUSPICIOUS_MOVE = YES;
				CLANG_WARN_UNGUARDED_AVAILABILITY = YES_AGGRESSIVE;
				CLANG_WARN_UNREACHABLE_CODE = YES;
				CLANG_WARN__DUPLICATE_METHOD_MATCH = YES;
				COPY_PHASE_STRIP = NO;
				DEBUG_INFORMATION_FORMAT = "dwarf-with-dsym";
				ENABLE_NS_ASSERTIONS = NO;
				ENABLE_STRICT_OBJC_MSGSEND = YES;
				GCC_C_LANGUAGE_STANDARD = gnu11;
				GCC_NO_COMMON_BLOCKS = YES;
				GCC_WARN_64_TO_32_BIT_CONVERSION = YES;
				GCC_WARN_ABOUT_RETURN_TYPE = YES_ERROR;
				GCC_WARN_UNDECLARED_SELECTOR = YES;
				GCC_WARN_UNINITIALIZED_AUTOS = YES_AGGRESSIVE;
				GCC_WARN_UNUSED_FUNCTION = YES;
				GCC_WARN_UNUSED_VARIABLE = YES;
				IPHONEOS_DEPLOYMENT_TARGET = 16.2;
				MTL_ENABLE_DEBUG_INFO = NO;
				MTL_FAST_MATH = YES;
				SDKROOT = iphoneos;
				SWIFT_COMPILATION_MODE = wholemodule;
				SWIFT_OPTIMIZATION_LEVEL = "-O";
				VALIDATE_PRODUCT = YES;
			};
			name = Release;
		};
		16DB60022A6D2A06007B5B21 /* Debug */ = {
			isa = XCBuildConfiguration;
			buildSettings = {
				ASSETCATALOG_COMPILER_APPICON_NAME = AppIcon;
				ASSETCATALOG_COMPILER_GLOBAL_ACCENT_COLOR_NAME = AccentColor;
				CODE_SIGN_STYLE = Automatic;
				CURRENT_PROJECT_VERSION = 1;
				GENERATE_INFOPLIST_FILE = YES;
				INFOPLIST_FILE = AssertYourself/Info.plist;
				INFOPLIST_KEY_UIApplicationSupportsIndirectInputEvents = YES;
				INFOPLIST_KEY_UILaunchStoryboardName = LaunchScreen;
				INFOPLIST_KEY_UIMainStoryboardFile = Main;
				INFOPLIST_KEY_UISupportedInterfaceOrientations_iPad = "UIInterfaceOrientationPortrait UIInterfaceOrientationPortraitUpsideDown UIInterfaceOrientationLandscapeLeft UIInterfaceOrientationLandscapeRight";
				INFOPLIST_KEY_UISupportedInterfaceOrientations_iPhone = "UIInterfaceOrientationPortrait UIInterfaceOrientationLandscapeLeft UIInterfaceOrientationLandscapeRight";
				LD_RUNPATH_SEARCH_PATHS = (
					"$(inherited)",
					"@executable_path/Frameworks",
				);
				MARKETING_VERSION = 1.0;
				PRODUCT_BUNDLE_IDENTIFIER = com.abrarulhaq.AssertYourself.AssertYourself;
				PRODUCT_NAME = "$(TARGET_NAME)";
				SWIFT_EMIT_LOC_STRINGS = YES;
				SWIFT_VERSION = 5.0;
				TARGETED_DEVICE_FAMILY = "1,2";
			};
			name = Debug;
		};
		16DB60032A6D2A06007B5B21 /* Release */ = {
			isa = XCBuildConfiguration;
			buildSettings = {
				ASSETCATALOG_COMPILER_APPICON_NAME = AppIcon;
				ASSETCATALOG_COMPILER_GLOBAL_ACCENT_COLOR_NAME = AccentColor;
				CODE_SIGN_STYLE = Automatic;
				CURRENT_PROJECT_VERSION = 1;
				GENERATE_INFOPLIST_FILE = YES;
				INFOPLIST_FILE = AssertYourself/Info.plist;
				INFOPLIST_KEY_UIApplicationSupportsIndirectInputEvents = YES;
				INFOPLIST_KEY_UILaunchStoryboardName = LaunchScreen;
				INFOPLIST_KEY_UIMainStoryboardFile = Main;
				INFOPLIST_KEY_UISupportedInterfaceOrientations_iPad = "UIInterfaceOrientationPortrait UIInterfaceOrientationPortraitUpsideDown UIInterfaceOrientationLandscapeLeft UIInterfaceOrientationLandscapeRight";
				INFOPLIST_KEY_UISupportedInterfaceOrientations_iPhone = "UIInterfaceOrientationPortrait UIInterfaceOrientationLandscapeLeft UIInterfaceOrientationLandscapeRight";
				LD_RUNPATH_SEARCH_PATHS = (
					"$(inherited)",
					"@executable_path/Frameworks",
				);
				MARKETING_VERSION = 1.0;
				PRODUCT_BUNDLE_IDENTIFIER = com.abrarulhaq.AssertYourself.AssertYourself;
				PRODUCT_NAME = "$(TARGET_NAME)";
				SWIFT_EMIT_LOC_STRINGS = YES;
				SWIFT_VERSION = 5.0;
				TARGETED_DEVICE_FAMILY = "1,2";
			};
			name = Release;
		};
		16DB60052A6D2A06007B5B21 /* Debug */ = {
			isa = XCBuildConfiguration;
			buildSettings = {
				ALWAYS_EMBED_SWIFT_STANDARD_LIBRARIES = YES;
				BUNDLE_LOADER = "$(TEST_HOST)";
				CODE_SIGN_STYLE = Automatic;
				CURRENT_PROJECT_VERSION = 1;
				GENERATE_INFOPLIST_FILE = YES;
				IPHONEOS_DEPLOYMENT_TARGET = 16.2;
				MARKETING_VERSION = 1.0;
				PRODUCT_BUNDLE_IDENTIFIER = com.abrarulhaq.AssertYourself.AssertYourselfTests;
				PRODUCT_NAME = "$(TARGET_NAME)";
				SWIFT_EMIT_LOC_STRINGS = NO;
				SWIFT_VERSION = 5.0;
				TARGETED_DEVICE_FAMILY = "1,2";
				TEST_HOST = "$(BUILT_PRODUCTS_DIR)/AssertYourself.app/$(BUNDLE_EXECUTABLE_FOLDER_PATH)/AssertYourself";
			};
			name = Debug;
		};
		16DB60062A6D2A06007B5B21 /* Release */ = {
			isa = XCBuildConfiguration;
			buildSettings = {
				ALWAYS_EMBED_SWIFT_STANDARD_LIBRARIES = YES;
				BUNDLE_LOADER = "$(TEST_HOST)";
				CODE_SIGN_STYLE = Automatic;
				CURRENT_PROJECT_VERSION = 1;
				GENERATE_INFOPLIST_FILE = YES;
				IPHONEOS_DEPLOYMENT_TARGET = 16.2;
				MARKETING_VERSION = 1.0;
				PRODUCT_BUNDLE_IDENTIFIER = com.abrarulhaq.AssertYourself.AssertYourselfTests;
				PRODUCT_NAME = "$(TARGET_NAME)";
				SWIFT_EMIT_LOC_STRINGS = NO;
				SWIFT_VERSION = 5.0;
				TARGETED_DEVICE_FAMILY = "1,2";
				TEST_HOST = "$(BUILT_PRODUCTS_DIR)/AssertYourself.app/$(BUNDLE_EXECUTABLE_FOLDER_PATH)/AssertYourself";
			};
			name = Release;
		};
		16DB60082A6D2A06007B5B21 /* Debug */ = {
			isa = XCBuildConfiguration;
			buildSettings = {
				ALWAYS_EMBED_SWIFT_STANDARD_LIBRARIES = YES;
				CODE_SIGN_STYLE = Automatic;
				CURRENT_PROJECT_VERSION = 1;
				GENERATE_INFOPLIST_FILE = YES;
				MARKETING_VERSION = 1.0;
				PRODUCT_BUNDLE_IDENTIFIER = com.abrarulhaq.AssertYourself.AssertYourselfUITests;
				PRODUCT_NAME = "$(TARGET_NAME)";
				SWIFT_EMIT_LOC_STRINGS = NO;
				SWIFT_VERSION = 5.0;
				TARGETED_DEVICE_FAMILY = "1,2";
				TEST_TARGET_NAME = AssertYourself;
			};
			name = Debug;
		};
		16DB60092A6D2A06007B5B21 /* Release */ = {
			isa = XCBuildConfiguration;
			buildSettings = {
				ALWAYS_EMBED_SWIFT_STANDARD_LIBRARIES = YES;
				CODE_SIGN_STYLE = Automatic;
				CURRENT_PROJECT_VERSION = 1;
				GENERATE_INFOPLIST_FILE = YES;
				MARKETING_VERSION = 1.0;
				PRODUCT_BUNDLE_IDENTIFIER = com.abrarulhaq.AssertYourself.AssertYourselfUITests;
				PRODUCT_NAME = "$(TARGET_NAME)";
				SWIFT_EMIT_LOC_STRINGS = NO;
				SWIFT_VERSION = 5.0;
				TARGETED_DEVICE_FAMILY = "1,2";
				TEST_TARGET_NAME = AssertYourself;
			};
			name = Release;
		};
/* End XCBuildConfiguration section */

/* Begin XCConfigurationList section */
		16DB5FD22A6D2A04007B5B21 /* Build configuration list for PBXProject "AssertYourself" */ = {
			isa = XCConfigurationList;
			buildConfigurations = (
				16DB5FFF2A6D2A06007B5B21 /* Debug */,
				16DB60002A6D2A06007B5B21 /* Release */,
			);
			defaultConfigurationIsVisible = 0;
			defaultConfigurationName = Release;
		};
		16DB60012A6D2A06007B5B21 /* Build configuration list for PBXNativeTarget "AssertYourself" */ = {
			isa = XCConfigurationList;
			buildConfigurations = (
				16DB60022A6D2A06007B5B21 /* Debug */,
				16DB60032A6D2A06007B5B21 /* Release */,
			);
			defaultConfigurationIsVisible = 0;
			defaultConfigurationName = Release;
		};
		16DB60042A6D2A06007B5B21 /* Build configuration list for PBXNativeTarget "AssertYourselfTests" */ = {
			isa = XCConfigurationList;
			buildConfigurations = (
				16DB60052A6D2A06007B5B21 /* Debug */,
				16DB60062A6D2A06007B5B21 /* Release */,
			);
			defaultConfigurationIsVisible = 0;
			defaultConfigurationName = Release;
		};
		16DB60072A6D2A06007B5B21 /* Build configuration list for PBXNativeTarget "AssertYourselfUITests" */ = {
			isa = XCConfigurationList;
			buildConfigurations = (
				16DB60082A6D2A06007B5B21 /* Debug */,
				16DB60092A6D2A06007B5B21 /* Release */,
			);
			defaultConfigurationIsVisible = 0;
			defaultConfigurationName = Release;
		};
/* End XCConfigurationList section */
	};
	rootObject = 16DB5FCF2A6D2A04007B5B21 /* Project object */;
}
